PODS:
  - AFNetworking (3.1.0):
    - AFNetworking/NSURLSession (= 3.1.0)
    - AFNetworking/Reachability (= 3.1.0)
    - AFNetworking/Security (= 3.1.0)
    - AFNetworking/Serialization (= 3.1.0)
    - AFNetworking/UIKit (= 3.1.0)
  - AFNetworking/NSURLSession (3.1.0):
    - AFNetworking/Reachability
    - AFNetworking/Security
    - AFNetworking/Serialization
  - AFNetworking/Reachability (3.1.0)
  - AFNetworking/Security (3.1.0)
  - AFNetworking/Serialization (3.1.0)
  - AFNetworking/UIKit (3.1.0):
    - AFNetworking/NSURLSession
  - Alamofire (4.5.1)
  - AlamofireImage (3.3.0):
    - Alamofire (~> 4.5)
  - Bolts (1.8.4):
    - Bolts/AppLinks (= 1.8.4)
    - Bolts/Tasks (= 1.8.4)
  - Bolts/AppLinks (1.8.4):
    - Bolts/Tasks
  - Bolts/Tasks (1.8.4)
  - FacebookCore (0.2.0):
    - Bolts (~> 1.8)
    - FBSDKCoreKit (~> 4.15)
  - FacebookLogin (0.2.0):
    - Bolts (~> 1.8)
    - FacebookCore (~> 0.2)
    - FBSDKCoreKit (~> 4.15)
    - FBSDKLoginKit (~> 4.15)
  - FacebookShare (0.2.0):
    - Bolts (~> 1.8)
    - FacebookCore (~> 0.2)
    - FBSDKCoreKit (~> 4.15)
    - FBSDKShareKit (~> 4.15)
  - FBSDKCoreKit (4.26.0):
    - Bolts (~> 1.7)
  - FBSDKLoginKit (4.26.0):
    - FBSDKCoreKit
  - FBSDKShareKit (4.26.0):
    - FBSDKCoreKit
  - FCAlertView (1.4.0)
  - FSCalendar (2.7.9)
  - GoogleMaps (2.5.0):
    - GoogleMaps/Maps (= 2.5.0)
  - GoogleMaps/Base (2.5.0)
  - GoogleMaps/Maps (2.5.0):
    - GoogleMaps/Base
  - GooglePlacePicker (2.5.0):
    - GoogleMaps (= 2.5.0)
    - GooglePlaces (= 2.5.0)
  - GooglePlaces (2.5.0):
    - GoogleMaps/Base (= 2.5.0)
  - GoogleSignIn (4.1.0):
    - GoogleToolboxForMac/NSDictionary+URLArguments (~> 2.1)
    - GoogleToolboxForMac/NSString+URLArguments (~> 2.1)
    - GTMOAuth2 (~> 1.0)
    - GTMSessionFetcher/Core (~> 1.1)
  - GoogleToolboxForMac/DebugUtils (2.1.1):
    - GoogleToolboxForMac/Defines (= 2.1.1)
  - GoogleToolboxForMac/Defines (2.1.1)
  - GoogleToolboxForMac/NSDictionary+URLArguments (2.1.1):
    - GoogleToolboxForMac/DebugUtils (= 2.1.1)
    - GoogleToolboxForMac/Defines (= 2.1.1)
    - GoogleToolboxForMac/NSString+URLArguments (= 2.1.1)
  - GoogleToolboxForMac/NSString+URLArguments (2.1.1)
  - GTMOAuth2 (1.1.5):
    - GTMSessionFetcher (~> 1.1)
  - GTMSessionFetcher (1.1.11):
    - GTMSessionFetcher/Full (= 1.1.11)
  - GTMSessionFetcher/Core (1.1.11)
  - GTMSessionFetcher/Full (1.1.11):
    - GTMSessionFetcher/Core (= 1.1.11)
  - IQAudioRecorderController (1.2.2):
    - SCSiriWaveformView
  - MBProgressHUD (1.0.0)
  - PinterestSDK (1.0.2):
    - AFNetworking (~> 3.0)
    - SSKeychain
  - SCSiriWaveformView (1.1.1)
  - SDWebImage (4.1.0):
    - SDWebImage/Core (= 4.1.0)
  - SDWebImage/Core (4.1.0)
  - SSKeychain (1.4.1)
  - SwiftyStoreKit (0.10.8)
  - UITextView+Placeholder (1.2.0)
  - XCDYouTubeKit (2.5.6)
  - youtube-ios-player-helper (0.1.6)

DEPENDENCIES:
  - AFNetworking (~> 3.1)
  - AlamofireImage (~> 3.3)
  - FacebookCore (~> 0.2)
  - FacebookLogin (~> 0.2)
  - FacebookShare (~> 0.2)
  - FCAlertView
  - FSCalendar
  - GooglePlacePicker (~> 2.4)
  - GooglePlaces (~> 2.4)
  - GoogleSignIn
  - IQAudioRecorderController
  - MBProgressHUD (~> 1.0)
  - PinterestSDK
  - SDWebImage (~> 4.1)
  - SwiftyStoreKit
  - UITextView+Placeholder (~> 1.2)
  - XCDYouTubeKit (~> 2.5)
  - youtube-ios-player-helper (~> 0.1.1)

SPEC CHECKSUMS:
  AFNetworking: 5e0e199f73d8626b11e79750991f5d173d1f8b67
  Alamofire: 2d95912bf4c34f164fdfc335872e8c312acaea4a
  AlamofireImage: 2e784dc5d00f04903a52c1d169181469c805c3df
  Bolts: 8a7995239dbe724f9cba2248b766d48b7ebdd322
  FacebookCore: 2cb3f0fbff218e9d3119cec84bae983b232412de
  FacebookLogin: c9d606504735780a9e3002465a615512e0a691a5
  FacebookShare: 8e9ee8ea06505e6a1d3d719b0cc63e840fb8aaeb
  FBSDKCoreKit: c8b8582311ec11b145451d8b9717dc6cc2ae5a76
  FBSDKLoginKit: f3f03b94c21eb834af243c0a881d48641f47ca60
  FBSDKShareKit: 320712d8293fde6392872c91eb80ef0da5d73cc3
  FCAlertView: fdddd63381898c1d1a5a20c9f084fbd2c6d12f8b
  FSCalendar: a04b09f16f811bc92e82f3cf852a15225233b9d5
  GoogleMaps: c087b8e5dfe87ca6ebf59adb9b4894a4146bec4f
  GooglePlacePicker: 1573e644ab54564d95c2643edc0f29091609e966
  GooglePlaces: dd70d9d71ea1c7944846afe67de3712c99b30a77
  GoogleSignIn: 8c599fc10d25b2af86a3f82fd9631e863f2b1400
  GoogleToolboxForMac: 8e329f1b599f2512c6b10676d45736bcc2cbbeb0
  GTMOAuth2: be83fd28d63ae3087e7d351b1f39c1a7e24ab6e7
  GTMSessionFetcher: 5ad62e8200fa00ed011fe5e08d27fef72c5b1429
  IQAudioRecorderController: 98092734d2f7182d629eaa54b6bbcdb4283bfce2
  MBProgressHUD: 4890f671c94e8a0f3cf959aa731e9de2f036d71a
  PinterestSDK: 6c6d92cc749e6520d1b6f1e75410c6fd1d05844c
  SCSiriWaveformView: 15b9dd6f94c7536e2032b34a35c6ff74d38c7411
  SDWebImage: 0e435c14e402a6730315a0fb79f95e68654d55a4
  SSKeychain: 55cc80f66f5c73da827e3077f02e43528897db41
  SwiftyStoreKit: 8c193678fabbaafb4430a536497613f89fefd7ec
  UITextView+Placeholder: 77680995fcdd07c3f52ec92fe1150874a2ac89ff
  XCDYouTubeKit: dccfe0c17dd5c5187969ec27e93069573badb08f
  youtube-ios-player-helper: 21ab92db027c7ff86cb17a3843a3f6eafc8158d2

PODFILE CHECKSUM: 01779cc66d7a68f5d15b0c1844fe5751d6bc576d

COCOAPODS: 1.4.0
